
Microsoft Visual Studio Solution File, Format Version 12.00
# Visual Studio Version 16
VisualStudioVersion = 16.0.31702.278
MinimumVisualStudioVersion = 10.0.40219.1
Project("{FAE04EC0-301F-11D3-BF4B-00C04F79EFBC}") = "Wist", "Wist.csproj", "{0A6DBADE-4E56-4A09-9FE3-91051D8AF136}"
EndProject
Global
	GlobalSection(SolutionConfigurationPlatforms) = preSolution
		Debug|Any CPU = Debug|Any CPU
		Release|Any CPU = Release|Any CPU
	EndGlobalSection
	GlobalSection(ProjectConfigurationPlatforms) = postSolution
		{0A6DBADE-4E56-4A09-9FE3-91051D8AF136}.Debug|Any CPU.ActiveCfg = Debug|Any CPU
		{0A6DBADE-4E56-4A09-9FE3-91051D8AF136}.Debug|Any CPU.Build.0 = Debug|Any CPU
		{0A6DBADE-4E56-4A09-9FE3-91051D8AF136}.Release|Any CPU.ActiveCfg = Release|Any CPU
		{0A6DBADE-4E56-4A09-9FE3-91051D8AF136}.Release|Any CPU.Build.0 = Release|Any CPU
	EndGlobalSection
	GlobalSection(SolutionProperties) = preSolution
		HideSolutionNode = FALSE
	EndGlobalSection
	GlobalSection(ExtensibilityGlobals) = postSolution
		SolutionGuid = {760BC70F-2D3E-4D6F-A06D-914E15C1BA77}
	EndGlobalSection
EndGlobal
